ß:…	gBËSV¡ÙKF
Ç]÷@M91G.çe{g?kÇ]÷@M91G.çe{g?kÇ]÷@M91G.çe{g?kÇ]÷@M91G.çe{g?kÇ]÷@M91G.çe{g?kÇ]÷@M91G.çe{g?kÇ]÷@M91G.çe{g?kÇ]÷@M91G.çe{g?kÇ]÷@M91G.çe{g?kÇ]÷@M91G.çe{g?kÇ]÷@M91G.çe{g?kÇ]÷@M91G.çe{g?kÇ]÷@M91G.çe{g?kÇ]÷@M91G.çe{g?kÇ]÷@M91G.çe{g?kÇ]÷@M91G.çe{g?kÇ]÷@M91G.çe{g?kÇ]÷@M91G.çe{g?kÇ]÷@M91G.çe{g?kÇ]÷@M91G.çe{g?kÇ]÷@M91G.çe{g?kÇ]÷@M91G.çe{g?kÇ]÷@M91G.çe{g?kÇ]÷@M91G.çe{g?kÇ]÷@M91G.çe{g?kÇ]÷@M91G.çe{g?kÇ]÷@M91G.çe{g?kÇ]÷@M91G.çe{g?kÇ]÷@M91G.çe{g?kÇ]÷@M91G.çe{g?kÇ]÷@M91G.çe{g?kÇ]÷@M91G.çe{g?kÇ]÷@M91G.çe{g?kÇ]÷@M91G.çe{g?kÇ]÷@M91G.çe{g?kÇ]÷@M91G.çe{g?kÇ]÷@M91G.çe{g?kÇ]÷@M91G.çe{g?kÇ]÷@M91G.çe{g?kÇ]÷@M91G.çe{g?kÇ]÷@M91G.çe{g?kÇ]÷@M91G.çe{g?kÇ]÷@M91G.çe{g?kÇ]÷@M91G.çe{g?kÇ]÷@M91G.çe{g?kÇ]÷@M91G.çe{g?kÇ]÷@M91G.çe{g?kÇ]÷@M91G.çe{g?kÇ]÷@M91G.çe{g?kÇ]÷@M91G.çe{g?kÇ]÷@M91G.çe{g?kÇ]÷@M91G.çe{g?kÇ]÷@M91G.çe{g?kÇ]÷@M91G.çe{g?kÇ]÷@M91G.çe{g?kÇ]÷@M91G.çe{g?kÇ]÷@M91G.çe{g?kÇ]÷@M91G.çe{g?kÇ]÷@M91G.çe{g?kÇ]÷@M91G.çe{g?kÇ]÷@M91G.çe{g?kÇ]÷@M91G.çe{g?kÇ]÷@M91G.çe{g?kÇ]÷@M91G.çe{g?kÇ]÷@M91G.çe{g?kÇ]÷@M91G.çe{g?kÇ]÷@M91G.çe{g?kÇ]÷@M91G.çe{g?kÇ]÷@M91G.çe{g?kÇ]÷@M91G.çe{g?kÇ]÷@M91G.çe{g?kÇ]÷@M91G.çe{g?kÇ]÷@M91G.çe{g?kÇ]÷@M91G.çe{g?kÇ]÷@M91G.çe{g?kÇ]÷@M91G.çe{g?kÇ]÷@M91G.çe{g?kÇ]÷@M91G.çe{g?kÇ]÷@M91G.çe{g?kÇ]÷@M91G.çe{g?kÇ]÷@M91G.çe{g?kÇ]÷@M91G.çe{g?kÇ]÷@M91G.çe{g?kÇ]÷@M91G.çe{g?kÇ]÷@M91G.çe{g?kÇ]÷@M91G.çe{g?kÇ]÷@M91G.çe{g?kÇ]÷@M91G.çe{g?kÇ]÷@M91G.çe{g?kÇ]÷@M91G.çe{g?kÇ]÷@M91G.çe{g?kÇ]÷@M91G.çe{g?kÇ]÷@M91G.çe{g?kÇ]÷@M91G.çe{g?kÇ]÷@M91G.çe{g?kÇ]÷@M91G.çe{g?kÇ]÷@M91G.çe{g?kÇ]÷@M91G.çe{g?kÇ]÷@M91G.çe{g?kÇ]÷@M91G.çe{g?kÇ]÷@M91G.çe{g?kÇ]÷@M91G.çe{g?kÇ]÷@M91G.çe{g?kÇ]÷@M91G.çe{g?kÇ]÷@M91G.çe{g?kÇ]÷@M91G.çe{g?kÇ]÷@M91G.çe{g?kÇ]÷@M91G.çe{g?kÇ]÷@M91G.çe{g?kÇ]÷@M91G.çe{g?kÇ]÷@M91G.çe{g?kÇ]÷@M91G.çe{g?kÇ]÷@M91G.çe{g?kÇ]÷@M91G.çe{g?kÇ]÷@M91G.çe{g?kÇ]÷@M91G.çe{g?kÇ]÷@M91G.çe{g?kÇ]÷@M91G.çe{g?kÇ]÷@M91G.çe{g?kÇ]÷@M91G.çe{g?kÇ]÷@M91G.çe{g?kÇ]÷@M91G.çe{g?kÇ]÷@M91G.çe{g?kÇ]÷@M91G.çe{g?kÇ]÷@M91G.çe{g?kÇ]÷@M91G.çe{g?kÇ]÷@M91G.çe{g?kÇ]÷@M91G.çe{g?kÇ]÷@M91G.çe{g?kÇ]÷@M91G.çe{g?kÇ]÷@M91G.çe{g?kÇ]÷@M91G.çe{g?kÇ]÷@M91G.çe{g?kÇ]÷@M91G.çe{g?kÇ]÷@M91G.çe{g?kÇ]÷@M91G.çe{g?kÇ]÷@M91G.çe{g?kÇ]÷@M91G.çe{g?kÇ]÷@M91G.çe{g?kÇ]÷@M91G.çe{g?kÇ]÷@M91G.çe{g?kÇ]÷@M91G.çe{g?kÇ]÷@M91G.çe{g?kÇ]÷@M91G.çe{g?kÇ]÷@M91G.çe{g?kÇ]÷@M91G.çe{g?kÇ]÷@M91G.çe{g?kÇ]÷@M91G.çe{g?kÇ]÷@M91G.çe{g?kÇ]÷@M91G.çe{g?kÇ]÷@M91G.çe{g?kÇ]÷@M91G.çe{g?kÇ]÷@M91G.çe{g?kÇ]÷@M91G.çe{g?kÇ]÷@M91G.çe{g?kÇ]÷@M91G.çe{g?kÇ]÷@M91G.çe{g?kÇ]÷@M91G.çe{g?kÇ]÷@M91G.çe{g?kÇ]÷@M91G.çe{g?kÇ]÷@M91G.çe{g?kÇ]÷@M91G.çe{g?kÇ]÷@M91G.çe{g?kÇ]÷@M91G.çe{g?kÇ]÷@M91G.çe{g?kÇ]÷@M91G.çe{g?kÇ]÷@M91G.çe{g?kÇ]÷@M91G.çe{g?kÇ]÷@M91G.çe{g?kÇ]÷@M91G.çe{g?kÇ]÷@M91G.çe{g?kÇ]÷@M91G.çe{g?kÇ]÷@M91G.çe{g?kÇ]÷@M91G.çe{g?kÇ]÷@M91G.çe{g?kÇ]÷@M91G.çe{g?kÇ]÷@M91G.çe{g?kÇ]÷@M91G.çe{g?kÇ]÷@M91G.çe{g?kÇ]÷@M91G.çe{g?kÇ]÷@M91G.çe{g?kÇ]÷@M91G.çe{g?kÇ]÷@M91G.çe{g?kÇ]÷@M91G.çe{g?kÇ]÷@M91G.çe{g?kÇ]÷@M91G.çe{g?kÇ]÷@M91G.çe{g?kÇ]÷@M91G.çe{g?kÇ]÷@M91G.çe{g?kÇ]÷@M91G.çe{g?kÇ]÷@M91G.çe{g?kÇ]÷@M91G.çe{g?kÇ]÷@M91G.çe{g?kÇ]÷@M91G.çe{g?kÇ]÷@M91G.çe{g?kÇ]÷@M91G.çe{g?kÇ]÷@M91G.çe{g?kÇ]÷@M91G.çe{g?kÇ]÷@M91G.çe{g?kÇ]÷@M91G.çe{g?kÇ]÷@M91G.çe{g?kÇ]÷@M91G.çe{g?kÇ]÷@M91G.çe{g?kÇ]÷@M91G.çe{g?kÇ]÷@M91G.çe{g?kÇ]÷@M91G.çe{g?kÇ]÷@M91G.çe{g?kÇ]÷@M91G.çe{g?kÇ]÷@M91G.çe{g?kÇ]÷@M91G.çe{g?kÇ]÷@M91G.çe{g?kÇ]÷@M91G.çe{g?kÇ]÷@M91G.çe{g?kÇ]÷@M91G.çe{g?kÇ]÷@M91G.çe{g?kÇ]÷@M91G.çe{g?kÇ]÷@M91G.çe{g?kÇ]÷@M91G.çe{g?kÇ]÷@M91G.çe{g?kÇ]÷@M91G.çe{g?kÇ]÷@M91G.çe{g?kÇ]÷@M91G.çe{g?kÇ]÷@M91G.çe{g?kÇ]÷@M91G.çe{g?kÇ]÷@M91G.çe{g?kÇ]÷@M91G.çe{g?kÇ]÷@M91G.çe{g?kÇ]÷@M91G.çe{g?kÇ]÷@M91G.çe{g?kÇ]÷@M91G.çe